github.com/jack-hk/Atlas v0.0.0-20241113020049-52712d68a378 h1:3+qhznDq1jxjk5CVNlueUZx8aoM35GhspfupDsp1N7s=
github.com/jack-hk/Atlas v0.0.0-20241113020049-52712d68a378/go.mod h1:RAtMTNsqKoR/p3lZJOyMg62a7ftlwnwVKFNkXApAbnA=
github.com/jack-hk/Atlas v0.0.0-20241118051228-4ad1f3c061a3 h1:BoIUuU25xyKOh/YgP/gj3cJ/Jsf5f1NvwGJf7U2fJxk=
github.com/jack-hk/Atlas v0.0.0-20241118051228-4ad1f3c061a3/go.mod h1:RAtMTNsqKoR/p3lZJOyMg62a7ftlwnwVKFNkXApAbnA=
github.com/jack-hk/Atlas v0.0.0-20241118090037-c86cb6a1012d h1:6yRp8IEQvbg6ycDQeenMZDaE7yvJ1f01KlUgA58ypzw=
github.com/jack-hk/Atlas v0.0.0-20241118090037-c86cb6a1012d/go.mod h1:RAtMTNsqKoR/p3lZJOyMg62a7ftlwnwVKFNkXApAbnA=
github.com/jack-hk/Atlas v0.0.0-20241118092357-fd566fa78a56 h1:YP2rqTY2Oy42+Uds0ezr/NCmS7BRvyre/6g3DymjesM=
github.com/jack-hk/Atlas v0.0.0-20241118092357-fd566fa78a56/go.mod h1:RAtMTNsqKoR/p3lZJOyMg62a7ftlwnwVKFNkXApAbnA=
github.com/jack-hk/Atlas v0.0.0-20241118092930-e6946027a732 h1:BnA7wImmzlm6/kV2XoOB2kfFBO2xn5OSTi+5NJCo1jY=
github.com/jack-hk/Atlas v0.0.0-20241118092930-e6946027a732/go.mod h1:RAtMTNsqKoR/p3lZJOyMg62a7ftlwnwVKFNkXApAbnA=
