github.com/jack-hk/Atlas v0.0.0-20241111071916-2100f240ac7b h1:qOSt7rK/IKU2eWulh4NzOu0T/OQcfHUTUBqlsQJXknQ=
github.com/jack-hk/Atlas v0.0.0-20241111071916-2100f240ac7b/go.mod h1:RAtMTNsqKoR/p3lZJOyMg62a7ftlwnwVKFNkXApAbnA=
github.com/jack-hk/Atlas v0.0.0-20241111073407-6213000b9932 h1:j81LRFsY1uUiSq7kVThkzIiH4q+CZI+3OFNTPUl5GcE=
github.com/jack-hk/Atlas v0.0.0-20241111073407-6213000b9932/go.mod h1:RAtMTNsqKoR/p3lZJOyMg62a7ftlwnwVKFNkXApAbnA=
